Microsoft Visual Studio Solution File, Format Version 12.00
# Visual Studio Version 17
VisualStudioVersion = 17.5.2.0
MinimumVisualStudioVersion = 10.0.40219.1
Project("{2150E333-8FDC-42A3-9474-1A3956D46DE8}") = "build", "build", "{DEE5DD87-39C1-BF34-B639-A387DCCF972B}"
EndProject
Project("{2150E333-8FDC-42A3-9474-1A3956D46DE8}") = "nuke", "nuke", "{AEF65E78-4541-3BE6-4F3C-A885ECA265BD}"
EndProject
Project("{FAE04EC0-301F-11D3-BF4B-00C04F79EFBC}") = "_build", "build\nuke\build\_build.csproj", "{77AEF99A-3B2C-0703-D9A6-269F0E850B1C}"
EndProject
Global
	GlobalSection(SolutionConfigurationPlatforms) = preSolution
		Debug|Any CPU = Debug|Any CPU
		Release|Any CPU = Release|Any CPU
	EndGlobalSection
	GlobalSection(ProjectConfigurationPlatforms) = postSolution
		{77AEF99A-3B2C-0703-D9A6-269F0E850B1C}.Debug|Any CPU.ActiveCfg = Debug|Any CPU
		{77AEF99A-3B2C-0703-D9A6-269F0E850B1C}.Debug|Any CPU.Build.0 = Debug|Any CPU
		{77AEF99A-3B2C-0703-D9A6-269F0E850B1C}.Release|Any CPU.ActiveCfg = Release|Any CPU
		{77AEF99A-3B2C-0703-D9A6-269F0E850B1C}.Release|Any CPU.Build.0 = Release|Any CPU
	EndGlobalSection
	GlobalSection(SolutionProperties) = preSolution
		HideSolutionNode = FALSE
	EndGlobalSection
	GlobalSection(NestedProjects) = preSolution
		{AEF65E78-4541-3BE6-4F3C-A885ECA265BD} = {DEE5DD87-39C1-BF34-B639-A387DCCF972B}
		{77AEF99A-3B2C-0703-D9A6-269F0E850B1C} = {AEF65E78-4541-3BE6-4F3C-A885ECA265BD}
	EndGlobalSection
	GlobalSection(ExtensibilityGlobals) = postSolution
		SolutionGuid = {64EFD1A2-21D3-434B-A7D4-8040395DDA1B}
	EndGlobalSection
EndGlobal
